
Microsoft Visual Studio Solution File, Format Version 12.00
# Visual Studio Version 16
VisualStudioVersion = 16.0.28621.142
MinimumVisualStudioVersion = 10.0.40219.1
Project("{9A19103F-16F7-4668-BE54-9A1E7A4F7556}") = "Rhendaria.Abstraction", "src\Rhendaria.Abstraction\Rhendaria.Abstraction.csproj", "{863E3AE9-C38C-4611-86DB-9A43CDBDB4A9}"
EndProject
Project("{9A19103F-16F7-4668-BE54-9A1E7A4F7556}") = "Rhendaria.Engine", "src\Rhendaria.Engine\Rhendaria.Engine.csproj", "{29FF3352-CA17-4232-B349-5A20CBD54220}"
EndProject
Project("{9A19103F-16F7-4668-BE54-9A1E7A4F7556}") = "Rhendaria.Hosting", "src\Rhendaria.Hosting\Rhendaria.Hosting.csproj", "{4088D7B3-BAB9-4F04-B54F-C3C108666287}"
EndProject
Project("{9A19103F-16F7-4668-BE54-9A1E7A4F7556}") = "Rhendaria.Web", "src\Rhendaria.Web\Rhendaria.Web.csproj", "{F26FFF89-B0C5-4AA0-88BF-FF6CE24DA938}"
EndProject
Project("{2150E333-8FDC-42A3-9474-1A3956D46DE8}") = "src", "src", "{CF9F5464-806A-4A85-A8D0-67B0538AD99A}"
EndProject
Project("{2150E333-8FDC-42A3-9474-1A3956D46DE8}") = "test", "test", "{5A06A32A-4F4B-407D-85FF-0C54032F0ED9}"
EndProject
Project("{9A19103F-16F7-4668-BE54-9A1E7A4F7556}") = "Rhendaria.Engine.Tests", "test\Rhendaria.Engine.Tests\Rhendaria.Engine.Tests.csproj", "{56E31B79-08CF-438D-9EC5-ECE4E3078F75}"
EndProject
Project("{FAE04EC0-301F-11D3-BF4B-00C04F79EFBC}") = "Rhendaria.Abstraction.Tests", "test\Rhendaria.Abstraction.Tests\Rhendaria.Abstraction.Tests.csproj", "{859972D4-443A-4120-90DA-5F7C133ADAEC}"
EndProject
Global
	GlobalSection(SolutionConfigurationPlatforms) = preSolution
		Debug|Any CPU = Debug|Any CPU
		Release|Any CPU = Release|Any CPU
	EndGlobalSection
	GlobalSection(ProjectConfigurationPlatforms) = postSolution
		{863E3AE9-C38C-4611-86DB-9A43CDBDB4A9}.Debug|Any CPU.ActiveCfg = Debug|Any CPU
		{863E3AE9-C38C-4611-86DB-9A43CDBDB4A9}.Debug|Any CPU.Build.0 = Debug|Any CPU
		{863E3AE9-C38C-4611-86DB-9A43CDBDB4A9}.Release|Any CPU.ActiveCfg = Release|Any CPU
		{863E3AE9-C38C-4611-86DB-9A43CDBDB4A9}.Release|Any CPU.Build.0 = Release|Any CPU
		{29FF3352-CA17-4232-B349-5A20CBD54220}.Debug|Any CPU.ActiveCfg = Debug|Any CPU
		{29FF3352-CA17-4232-B349-5A20CBD54220}.Debug|Any CPU.Build.0 = Debug|Any CPU
		{29FF3352-CA17-4232-B349-5A20CBD54220}.Release|Any CPU.ActiveCfg = Release|Any CPU
		{29FF3352-CA17-4232-B349-5A20CBD54220}.Release|Any CPU.Build.0 = Release|Any CPU
		{4088D7B3-BAB9-4F04-B54F-C3C108666287}.Debug|Any CPU.ActiveCfg = Debug|Any CPU
		{4088D7B3-BAB9-4F04-B54F-C3C108666287}.Debug|Any CPU.Build.0 = Debug|Any CPU
		{4088D7B3-BAB9-4F04-B54F-C3C108666287}.Release|Any CPU.ActiveCfg = Release|Any CPU
		{4088D7B3-BAB9-4F04-B54F-C3C108666287}.Release|Any CPU.Build.0 = Release|Any CPU
		{F26FFF89-B0C5-4AA0-88BF-FF6CE24DA938}.Debug|Any CPU.ActiveCfg = Debug|Any CPU
		{F26FFF89-B0C5-4AA0-88BF-FF6CE24DA938}.Debug|Any CPU.Build.0 = Debug|Any CPU
		{F26FFF89-B0C5-4AA0-88BF-FF6CE24DA938}.Release|Any CPU.ActiveCfg = Release|Any CPU
		{F26FFF89-B0C5-4AA0-88BF-FF6CE24DA938}.Release|Any CPU.Build.0 = Release|Any CPU
		{56E31B79-08CF-438D-9EC5-ECE4E3078F75}.Debug|Any CPU.ActiveCfg = Debug|Any CPU
		{56E31B79-08CF-438D-9EC5-ECE4E3078F75}.Debug|Any CPU.Build.0 = Debug|Any CPU
		{56E31B79-08CF-438D-9EC5-ECE4E3078F75}.Release|Any CPU.ActiveCfg = Release|Any CPU
		{56E31B79-08CF-438D-9EC5-ECE4E3078F75}.Release|Any CPU.Build.0 = Release|Any CPU
		{859972D4-443A-4120-90DA-5F7C133ADAEC}.Debug|Any CPU.ActiveCfg = Debug|Any CPU
		{859972D4-443A-4120-90DA-5F7C133ADAEC}.Debug|Any CPU.Build.0 = Debug|Any CPU
		{859972D4-443A-4120-90DA-5F7C133ADAEC}.Release|Any CPU.ActiveCfg = Release|Any CPU
		{859972D4-443A-4120-90DA-5F7C133ADAEC}.Release|Any CPU.Build.0 = Release|Any CPU
	EndGlobalSection
	GlobalSection(SolutionProperties) = preSolution
		HideSolutionNode = FALSE
	EndGlobalSection
	GlobalSection(NestedProjects) = preSolution
		{863E3AE9-C38C-4611-86DB-9A43CDBDB4A9} = {CF9F5464-806A-4A85-A8D0-67B0538AD99A}
		{29FF3352-CA17-4232-B349-5A20CBD54220} = {CF9F5464-806A-4A85-A8D0-67B0538AD99A}
		{4088D7B3-BAB9-4F04-B54F-C3C108666287} = {CF9F5464-806A-4A85-A8D0-67B0538AD99A}
		{F26FFF89-B0C5-4AA0-88BF-FF6CE24DA938} = {CF9F5464-806A-4A85-A8D0-67B0538AD99A}
		{56E31B79-08CF-438D-9EC5-ECE4E3078F75} = {5A06A32A-4F4B-407D-85FF-0C54032F0ED9}
		{859972D4-443A-4120-90DA-5F7C133ADAEC} = {5A06A32A-4F4B-407D-85FF-0C54032F0ED9}
	EndGlobalSection
	GlobalSection(ExtensibilityGlobals) = postSolution
		SolutionGuid = {0647F49C-2D68-4EFB-AC09-4BD15F566444}
	EndGlobalSection
EndGlobal
